Microsoft Visual Studio Solution File, Format Version 12.00
# Visual Studio Version 17
VisualStudioVersion = 17.5.2.0
MinimumVisualStudioVersion = 10.0.40219.1
Project("{FAE04EC0-301F-11D3-BF4B-00C04F79EFBC}") = "MyWinFormsApp", "MyWinFormsApp.UI\MyWinFormsApp.csproj", "{50028CD7-4DFC-33F6-776D-039E57E71A5A}"
EndProject
Project("{FAE04EC0-301F-11D3-BF4B-00C04F79EFBC}") = "MyWinFormsApp.Business", "MyWinFormsApp.Business\MyWinFormsApp.Business.csproj", "{37C55D75-A326-4678-9EA8-A0E504574D9B}"
EndProject
Project("{FAE04EC0-301F-11D3-BF4B-00C04F79EFBC}") = "MyWinFormsApp.DataAccess", "MyWinFormsApp.DataAccess\MyWinFormsApp.DataAccess.csproj", "{27D20E52-A607-4AD2-8BD9-16858AE56146}"
EndProject
Project("{FAE04EC0-301F-11D3-BF4B-00C04F79EFBC}") = "MyWinFormsApp.MockData", "MyWinFormsApp.MockData\MyWinFormsApp.MockData.csproj", "{7B2CCB4C-25DA-40E3-9EB6-41A57CE01B76}"
EndProject
Global
	GlobalSection(SolutionConfigurationPlatforms) = preSolution
		Debug|Any CPU = Debug|Any CPU
		Release|Any CPU = Release|Any CPU
	EndGlobalSection
	GlobalSection(ProjectConfigurationPlatforms) = postSolution
		{50028CD7-4DFC-33F6-776D-039E57E71A5A}.Debug|Any CPU.ActiveCfg = Debug|Any CPU
		{50028CD7-4DFC-33F6-776D-039E57E71A5A}.Debug|Any CPU.Build.0 = Debug|Any CPU
		{50028CD7-4DFC-33F6-776D-039E57E71A5A}.Release|Any CPU.ActiveCfg = Release|Any CPU
		{50028CD7-4DFC-33F6-776D-039E57E71A5A}.Release|Any CPU.Build.0 = Release|Any CPU
		{37C55D75-A326-4678-9EA8-A0E504574D9B}.Debug|Any CPU.ActiveCfg = Debug|Any CPU
		{37C55D75-A326-4678-9EA8-A0E504574D9B}.Debug|Any CPU.Build.0 = Debug|Any CPU
		{37C55D75-A326-4678-9EA8-A0E504574D9B}.Release|Any CPU.ActiveCfg = Release|Any CPU
		{37C55D75-A326-4678-9EA8-A0E504574D9B}.Release|Any CPU.Build.0 = Release|Any CPU
		{27D20E52-A607-4AD2-8BD9-16858AE56146}.Debug|Any CPU.ActiveCfg = Debug|Any CPU
		{27D20E52-A607-4AD2-8BD9-16858AE56146}.Debug|Any CPU.Build.0 = Debug|Any CPU
		{27D20E52-A607-4AD2-8BD9-16858AE56146}.Release|Any CPU.ActiveCfg = Release|Any CPU
		{27D20E52-A607-4AD2-8BD9-16858AE56146}.Release|Any CPU.Build.0 = Release|Any CPU
		{7B2CCB4C-25DA-40E3-9EB6-41A57CE01B76}.Debug|Any CPU.ActiveCfg = Debug|Any CPU
		{7B2CCB4C-25DA-40E3-9EB6-41A57CE01B76}.Debug|Any CPU.Build.0 = Debug|Any CPU
		{7B2CCB4C-25DA-40E3-9EB6-41A57CE01B76}.Release|Any CPU.ActiveCfg = Release|Any CPU
		{7B2CCB4C-25DA-40E3-9EB6-41A57CE01B76}.Release|Any CPU.Build.0 = Release|Any CPU
	EndGlobalSection
	GlobalSection(SolutionProperties) = preSolution
		HideSolutionNode = FALSE
	EndGlobalSection
	GlobalSection(ExtensibilityGlobals) = postSolution
		SolutionGuid = {E1A5098F-A484-4693-8A0E-1717BAB5B795}
	EndGlobalSection
EndGlobal
